
Microsoft Visual Studio Solution File, Format Version 12.00
# Visual Studio Version 17
VisualStudioVersion = 17.0.31919.166
MinimumVisualStudioVersion = 10.0.40219.1
Project("{2150E333-8FDC-42A3-9474-1A3956D46DE8}") = "IAM", "IAM", "{B53CFBEA-20F1-418F-8063-0CDA884C04DF}"
EndProject
Project("{2150E333-8FDC-42A3-9474-1A3956D46DE8}") = "CustomerOnBoarding", "CustomerOnBoarding", "{B3886E01-40BA-4E6E-80E9-FF6CE1AEC476}"
EndProject
Project("{9A19103F-16F7-4668-BE54-9A1E7A4F7556}") = "CustomerOnBoarding.DAL", "CustomerOnBoarding.DAL\CustomerOnBoarding.DAL.csproj", "{56D82C7B-9949-423D-8638-DDC70647C303}"
EndProject
Project("{9A19103F-16F7-4668-BE54-9A1E7A4F7556}") = "CustomerOnBoarding.API", "CustomerOnBoarding.API\CustomerOnBoarding.API.csproj", "{A82004C4-D61E-4681-BAC6-5FC094DB05BA}"
EndProject
Project("{9A19103F-16F7-4668-BE54-9A1E7A4F7556}") = "IAM.DAL", "IAM.DAL\IAM.DAL.csproj", "{F1E9A66B-655E-4991-AFB6-E594C8727EA8}"
EndProject
Project("{9A19103F-16F7-4668-BE54-9A1E7A4F7556}") = "IAM.API", "IAM.API\IAM.API.csproj", "{E4F879EF-5D3A-4626-BFC6-2AD70254039D}"
EndProject
Project("{2150E333-8FDC-42A3-9474-1A3956D46DE8}") = "SharedLibrary", "SharedLibrary", "{40D4285A-1CB0-445F-8E4E-FF2D504E332C}"
EndProject
Project("{9A19103F-16F7-4668-BE54-9A1E7A4F7556}") = "SharedLibraries", "SharedLibraries\SharedLibraries.csproj", "{55895C17-CD28-4E73-94B7-68FD434A46A3}"
EndProject
Project("{2150E333-8FDC-42A3-9474-1A3956D46DE8}") = "ProjectManagement", "ProjectManagement", "{35A87F4C-7A84-44F4-818C-31B9894AE037}"
EndProject
Project("{9A19103F-16F7-4668-BE54-9A1E7A4F7556}") = "ProjectManagement.DAL", "ProjectManagement.DAL\ProjectManagement.DAL.csproj", "{590D5E25-1A09-45EB-8AC4-5A187EF36D67}"
	ProjectSection(ProjectDependencies) = postProject
		{D3DCF2A2-7A58-4B35-8A67-471BA0A8E2C7} = {D3DCF2A2-7A58-4B35-8A67-471BA0A8E2C7}
	EndProjectSection
EndProject
Project("{9A19103F-16F7-4668-BE54-9A1E7A4F7556}") = "ProjectManagement.API", "ProjectManagement.API\ProjectManagement.API.csproj", "{83654103-DCC3-4FA7-8F4E-787A3FB8A520}"
EndProject
Project("{2150E333-8FDC-42A3-9474-1A3956D46DE8}") = "Timesheet", "Timesheet", "{886792BD-8555-4BC1-AF2F-CC4F8BF2C958}"
EndProject
Project("{2150E333-8FDC-42A3-9474-1A3956D46DE8}") = "Reports", "Reports", "{0B4C4CB9-C599-4DBB-8AB2-15FA8C3351EE}"
EndProject
Project("{9A19103F-16F7-4668-BE54-9A1E7A4F7556}") = "Timesheet.DAL", "Timesheet.DAL\Timesheet.DAL.csproj", "{8BBD64F2-C112-430E-B131-8A885F4B8C3C}"
EndProject
Project("{9A19103F-16F7-4668-BE54-9A1E7A4F7556}") = "Timesheet.API", "Timesheet.API\Timesheet.API.csproj", "{5E8BAC93-D470-4FDA-887D-8388FE38C8E9}"
EndProject
Project("{9A19103F-16F7-4668-BE54-9A1E7A4F7556}") = "Reports.DAL", "Reports.DAL\Reports.DAL.csproj", "{95DC86A1-4287-41CC-9969-C350430256CA}"
EndProject
Project("{9A19103F-16F7-4668-BE54-9A1E7A4F7556}") = "Reports.API", "Reports.API\Reports.API.csproj", "{E13827D7-C58B-4AE2-9201-DA3BE721946B}"
EndProject
Project("{2150E333-8FDC-42A3-9474-1A3956D46DE8}") = "APIGateWay", "APIGateWay", "{692F1FF0-55BF-4D5B-97E3-2C3268F408C7}"
EndProject
Project("{9A19103F-16F7-4668-BE54-9A1E7A4F7556}") = "APIGateWay.API", "APIGateWay.API\APIGateWay.API.csproj", "{D7ACA76F-3596-4C4A-9D52-884C1AECF684}"
EndProject
Project("{2150E333-8FDC-42A3-9474-1A3956D46DE8}") = "Notifications", "Notifications", "{11E01F5B-20FE-49EA-A263-2C66E592DB6F}"
EndProject
Project("{9A19103F-16F7-4668-BE54-9A1E7A4F7556}") = "Notifications.API", "Notification.API\Notifications.API.csproj", "{9F01BA8D-AFD2-45DB-B4C3-C94008B9319C}"
EndProject
Project("{9A19103F-16F7-4668-BE54-9A1E7A4F7556}") = "Notifications.DAL", "Notification.DAL\Notifications.DAL.csproj", "{492DDE1E-54EB-449D-A5AD-F4E660689F72}"
EndProject
Project("{2150E333-8FDC-42A3-9474-1A3956D46DE8}") = "NexusJobScheduler", "NexusJobScheduler", "{E319DEFF-3F84-4143-9558-5E077FEC01E9}"
EndProject
Project("{9A19103F-16F7-4668-BE54-9A1E7A4F7556}") = "NexusWorkerService", "NexusWorkerService\NexusWorkerService.csproj", "{206E8CAD-F322-410E-888C-8EE82FF3EA12}"
EndProject
Project("{2150E333-8FDC-42A3-9474-1A3956D46DE8}") = "Leaves", "Leaves", "{39EB7437-2C07-4A23-9F1D-33B62B373AFD}"
EndProject
Project("{9A19103F-16F7-4668-BE54-9A1E7A4F7556}") = "Leaves.API", "Leaves.API\Leaves.API.csproj", "{3A0A7276-4F75-4C9C-BBD8-7D050F19C9C8}"
EndProject
Project("{9A19103F-16F7-4668-BE54-9A1E7A4F7556}") = "Leaves.DAL", "Leaves.DAL\Leaves.DAL.csproj", "{3931EAD9-9E16-46B0-8FAB-1F18367CBB94}"
EndProject
Project("{2150E333-8FDC-42A3-9474-1A3956D46DE8}") = "Attendance", "Attendance", "{D052BBB2-E9E0-4389-A798-57694BD6660E}"
EndProject
Project("{9A19103F-16F7-4668-BE54-9A1E7A4F7556}") = "Attendance.API", "Attendance.API\Attendance.API.csproj", "{D9F7CF6A-FEC9-405D-A9F1-354E7828B66A}"
EndProject
Project("{9A19103F-16F7-4668-BE54-9A1E7A4F7556}") = "Attendance.DAL", "Attendance.DAL\Attendance.DAL.csproj", "{D26B3F6B-7DD2-4F5C-B11F-94BFF3A4F5E8}"
EndProject
Project("{2150E333-8FDC-42A3-9474-1A3956D46DE8}") = "Appraisal", "Appraisal", "{4FF5E824-AFE7-475F-9BB9-7A2953C4D51C}"
EndProject
Project("{9A19103F-16F7-4668-BE54-9A1E7A4F7556}") = "Appraisal.API", "Appraisal.API\Appraisal.API.csproj", "{04D6F10F-40AF-4FC2-A2D2-B717330FEF5F}"
EndProject
Project("{9A19103F-16F7-4668-BE54-9A1E7A4F7556}") = "Appraisal.DAL", "Appraisal.DAL\Appraisal.DAL.csproj", "{30FEA43B-1555-429E-88B4-8A02D3307F00}"
EndProject
Project("{2150E333-8FDC-42A3-9474-1A3956D46DE8}") = "AuthServer", "AuthServer", "{6041212B-283E-4A71-B7F8-D199281CC6B4}"
EndProject
Project("{9A19103F-16F7-4668-BE54-9A1E7A4F7556}") = "AuthServer", "AuthServer\AuthServer.csproj", "{1324B376-A8F1-4E31-BC03-2303444F8009}"
EndProject
Project("{2150E333-8FDC-42A3-9474-1A3956D46DE8}") = "PowerBi", "PowerBi", "{1D3433F0-6A13-41E6-AEDF-160E3FDA0FDB}"
EndProject
Project("{9A19103F-16F7-4668-BE54-9A1E7A4F7556}") = "PowerBiReportAPI", "PowerBiReportAPI\PowerBiReportAPI.csproj", "{94DCC0B1-DD66-47DF-A0FA-D241557275EC}"
EndProject
Project("{2150E333-8FDC-42A3-9474-1A3956D46DE8}") = "ExitManagement", "ExitManagement", "{BE1F9340-027D-42D9-90D7-0328AD1C8C9B}"
EndProject
Project("{9A19103F-16F7-4668-BE54-9A1E7A4F7556}") = "ExitManagement.API", "ExitManagement.API\ExitManagement.API.csproj", "{4A88392E-B912-421A-A104-4B4A58FF8CBB}"
EndProject
Project("{9A19103F-16F7-4668-BE54-9A1E7A4F7556}") = "ExitManagement.DAL", "ExitManagement.DAL\ExitManagement.DAL.csproj", "{28AE7C1B-9371-42AB-8009-D11B1C8E403B}"
EndProject
Project("{2150E333-8FDC-42A3-9474-1A3956D46DE8}") = "PolicyManagement", "PolicyManagement", "{4B99EE02-D0C3-49C0-986C-11E00CE9E1F6}"
EndProject
Project("{9A19103F-16F7-4668-BE54-9A1E7A4F7556}") = "PolicyManagement.DAL", "PolicyManagement.DAL\PolicyManagement.DAL.csproj", "{D3DCF2A2-7A58-4B35-8A67-471BA0A8E2C7}"
EndProject
Project("{FAE04EC0-301F-11D3-BF4B-00C04F79EFBC}") = "PolicyManagement.API", "PolicyManagement.API\PolicyManagement.API.csproj", "{FF716EEC-8DC3-4F5C-BF8B-1ECC593A2ECE}"
	ProjectSection(ProjectDependencies) = postProject
		{D3DCF2A2-7A58-4B35-8A67-471BA0A8E2C7} = {D3DCF2A2-7A58-4B35-8A67-471BA0A8E2C7}
	EndProjectSection
EndProject
Global
	GlobalSection(SolutionConfigurationPlatforms) = preSolution
		Debug|Any CPU = Debug|Any CPU
		Release|Any CPU = Release|Any CPU
	EndGlobalSection
	GlobalSection(ProjectConfigurationPlatforms) = postSolution
		{56D82C7B-9949-423D-8638-DDC70647C303}.Debug|Any CPU.ActiveCfg = Debug|Any CPU
		{56D82C7B-9949-423D-8638-DDC70647C303}.Debug|Any CPU.Build.0 = Debug|Any CPU
		{56D82C7B-9949-423D-8638-DDC70647C303}.Release|Any CPU.ActiveCfg = Release|Any CPU
		{56D82C7B-9949-423D-8638-DDC70647C303}.Release|Any CPU.Build.0 = Release|Any CPU
		{A82004C4-D61E-4681-BAC6-5FC094DB05BA}.Debug|Any CPU.ActiveCfg = Debug|Any CPU
		{A82004C4-D61E-4681-BAC6-5FC094DB05BA}.Debug|Any CPU.Build.0 = Debug|Any CPU
		{A82004C4-D61E-4681-BAC6-5FC094DB05BA}.Release|Any CPU.ActiveCfg = Release|Any CPU
		{A82004C4-D61E-4681-BAC6-5FC094DB05BA}.Release|Any CPU.Build.0 = Release|Any CPU
		{F1E9A66B-655E-4991-AFB6-E594C8727EA8}.Debug|Any CPU.ActiveCfg = Debug|Any CPU
		{F1E9A66B-655E-4991-AFB6-E594C8727EA8}.Debug|Any CPU.Build.0 = Debug|Any CPU
		{F1E9A66B-655E-4991-AFB6-E594C8727EA8}.Release|Any CPU.ActiveCfg = Release|Any CPU
		{F1E9A66B-655E-4991-AFB6-E594C8727EA8}.Release|Any CPU.Build.0 = Release|Any CPU
		{E4F879EF-5D3A-4626-BFC6-2AD70254039D}.Debug|Any CPU.ActiveCfg = Debug|Any CPU
		{E4F879EF-5D3A-4626-BFC6-2AD70254039D}.Debug|Any CPU.Build.0 = Debug|Any CPU
		{E4F879EF-5D3A-4626-BFC6-2AD70254039D}.Release|Any CPU.ActiveCfg = Release|Any CPU
		{E4F879EF-5D3A-4626-BFC6-2AD70254039D}.Release|Any CPU.Build.0 = Release|Any CPU
		{55895C17-CD28-4E73-94B7-68FD434A46A3}.Debug|Any CPU.ActiveCfg = Debug|Any CPU
		{55895C17-CD28-4E73-94B7-68FD434A46A3}.Debug|Any CPU.Build.0 = Debug|Any CPU
		{55895C17-CD28-4E73-94B7-68FD434A46A3}.Release|Any CPU.ActiveCfg = Release|Any CPU
		{55895C17-CD28-4E73-94B7-68FD434A46A3}.Release|Any CPU.Build.0 = Release|Any CPU
		{590D5E25-1A09-45EB-8AC4-5A187EF36D67}.Debug|Any CPU.ActiveCfg = Debug|Any CPU
		{590D5E25-1A09-45EB-8AC4-5A187EF36D67}.Debug|Any CPU.Build.0 = Debug|Any CPU
		{590D5E25-1A09-45EB-8AC4-5A187EF36D67}.Release|Any CPU.ActiveCfg = Release|Any CPU
		{590D5E25-1A09-45EB-8AC4-5A187EF36D67}.Release|Any CPU.Build.0 = Release|Any CPU
		{83654103-DCC3-4FA7-8F4E-787A3FB8A520}.Debug|Any CPU.ActiveCfg = Debug|Any CPU
		{83654103-DCC3-4FA7-8F4E-787A3FB8A520}.Debug|Any CPU.Build.0 = Debug|Any CPU
		{83654103-DCC3-4FA7-8F4E-787A3FB8A520}.Release|Any CPU.ActiveCfg = Release|Any CPU
		{83654103-DCC3-4FA7-8F4E-787A3FB8A520}.Release|Any CPU.Build.0 = Release|Any CPU
		{8BBD64F2-C112-430E-B131-8A885F4B8C3C}.Debug|Any CPU.ActiveCfg = Debug|Any CPU
		{8BBD64F2-C112-430E-B131-8A885F4B8C3C}.Debug|Any CPU.Build.0 = Debug|Any CPU
		{8BBD64F2-C112-430E-B131-8A885F4B8C3C}.Release|Any CPU.ActiveCfg = Release|Any CPU
		{8BBD64F2-C112-430E-B131-8A885F4B8C3C}.Release|Any CPU.Build.0 = Release|Any CPU
		{5E8BAC93-D470-4FDA-887D-8388FE38C8E9}.Debug|Any CPU.ActiveCfg = Debug|Any CPU
		{5E8BAC93-D470-4FDA-887D-8388FE38C8E9}.Debug|Any CPU.Build.0 = Debug|Any CPU
		{5E8BAC93-D470-4FDA-887D-8388FE38C8E9}.Release|Any CPU.ActiveCfg = Release|Any CPU
		{5E8BAC93-D470-4FDA-887D-8388FE38C8E9}.Release|Any CPU.Build.0 = Release|Any CPU
		{95DC86A1-4287-41CC-9969-C350430256CA}.Debug|Any CPU.ActiveCfg = Debug|Any CPU
		{95DC86A1-4287-41CC-9969-C350430256CA}.Debug|Any CPU.Build.0 = Debug|Any CPU
		{95DC86A1-4287-41CC-9969-C350430256CA}.Release|Any CPU.ActiveCfg = Release|Any CPU
		{95DC86A1-4287-41CC-9969-C350430256CA}.Release|Any CPU.Build.0 = Release|Any CPU
		{E13827D7-C58B-4AE2-9201-DA3BE721946B}.Debug|Any CPU.ActiveCfg = Debug|Any CPU
		{E13827D7-C58B-4AE2-9201-DA3BE721946B}.Debug|Any CPU.Build.0 = Debug|Any CPU
		{E13827D7-C58B-4AE2-9201-DA3BE721946B}.Release|Any CPU.ActiveCfg = Release|Any CPU
		{E13827D7-C58B-4AE2-9201-DA3BE721946B}.Release|Any CPU.Build.0 = Release|Any CPU
		{D7ACA76F-3596-4C4A-9D52-884C1AECF684}.Debug|Any CPU.ActiveCfg = Debug|Any CPU
		{D7ACA76F-3596-4C4A-9D52-884C1AECF684}.Debug|Any CPU.Build.0 = Debug|Any CPU
		{D7ACA76F-3596-4C4A-9D52-884C1AECF684}.Release|Any CPU.ActiveCfg = Release|Any CPU
		{D7ACA76F-3596-4C4A-9D52-884C1AECF684}.Release|Any CPU.Build.0 = Release|Any CPU
		{9F01BA8D-AFD2-45DB-B4C3-C94008B9319C}.Debug|Any CPU.ActiveCfg = Debug|Any CPU
		{9F01BA8D-AFD2-45DB-B4C3-C94008B9319C}.Debug|Any CPU.Build.0 = Debug|Any CPU
		{9F01BA8D-AFD2-45DB-B4C3-C94008B9319C}.Release|Any CPU.ActiveCfg = Release|Any CPU
		{9F01BA8D-AFD2-45DB-B4C3-C94008B9319C}.Release|Any CPU.Build.0 = Release|Any CPU
		{492DDE1E-54EB-449D-A5AD-F4E660689F72}.Debug|Any CPU.ActiveCfg = Debug|Any CPU
		{492DDE1E-54EB-449D-A5AD-F4E660689F72}.Debug|Any CPU.Build.0 = Debug|Any CPU
		{492DDE1E-54EB-449D-A5AD-F4E660689F72}.Release|Any CPU.ActiveCfg = Release|Any CPU
		{492DDE1E-54EB-449D-A5AD-F4E660689F72}.Release|Any CPU.Build.0 = Release|Any CPU
		{206E8CAD-F322-410E-888C-8EE82FF3EA12}.Debug|Any CPU.ActiveCfg = Debug|Any CPU
		{206E8CAD-F322-410E-888C-8EE82FF3EA12}.Debug|Any CPU.Build.0 = Debug|Any CPU
		{206E8CAD-F322-410E-888C-8EE82FF3EA12}.Release|Any CPU.ActiveCfg = Release|Any CPU
		{206E8CAD-F322-410E-888C-8EE82FF3EA12}.Release|Any CPU.Build.0 = Release|Any CPU
		{3A0A7276-4F75-4C9C-BBD8-7D050F19C9C8}.Debug|Any CPU.ActiveCfg = Debug|Any CPU
		{3A0A7276-4F75-4C9C-BBD8-7D050F19C9C8}.Debug|Any CPU.Build.0 = Debug|Any CPU
		{3A0A7276-4F75-4C9C-BBD8-7D050F19C9C8}.Release|Any CPU.ActiveCfg = Release|Any CPU
		{3A0A7276-4F75-4C9C-BBD8-7D050F19C9C8}.Release|Any CPU.Build.0 = Release|Any CPU
		{3931EAD9-9E16-46B0-8FAB-1F18367CBB94}.Debug|Any CPU.ActiveCfg = Debug|Any CPU
		{3931EAD9-9E16-46B0-8FAB-1F18367CBB94}.Debug|Any CPU.Build.0 = Debug|Any CPU
		{3931EAD9-9E16-46B0-8FAB-1F18367CBB94}.Release|Any CPU.ActiveCfg = Release|Any CPU
		{3931EAD9-9E16-46B0-8FAB-1F18367CBB94}.Release|Any CPU.Build.0 = Release|Any CPU
		{D9F7CF6A-FEC9-405D-A9F1-354E7828B66A}.Debug|Any CPU.ActiveCfg = Debug|Any CPU
		{D9F7CF6A-FEC9-405D-A9F1-354E7828B66A}.Debug|Any CPU.Build.0 = Debug|Any CPU
		{D9F7CF6A-FEC9-405D-A9F1-354E7828B66A}.Release|Any CPU.ActiveCfg = Release|Any CPU
		{D9F7CF6A-FEC9-405D-A9F1-354E7828B66A}.Release|Any CPU.Build.0 = Release|Any CPU
		{D26B3F6B-7DD2-4F5C-B11F-94BFF3A4F5E8}.Debug|Any CPU.ActiveCfg = Debug|Any CPU
		{D26B3F6B-7DD2-4F5C-B11F-94BFF3A4F5E8}.Debug|Any CPU.Build.0 = Debug|Any CPU
		{D26B3F6B-7DD2-4F5C-B11F-94BFF3A4F5E8}.Release|Any CPU.ActiveCfg = Release|Any CPU
		{D26B3F6B-7DD2-4F5C-B11F-94BFF3A4F5E8}.Release|Any CPU.Build.0 = Release|Any CPU
		{04D6F10F-40AF-4FC2-A2D2-B717330FEF5F}.Debug|Any CPU.ActiveCfg = Debug|Any CPU
		{04D6F10F-40AF-4FC2-A2D2-B717330FEF5F}.Debug|Any CPU.Build.0 = Debug|Any CPU
		{04D6F10F-40AF-4FC2-A2D2-B717330FEF5F}.Release|Any CPU.ActiveCfg = Release|Any CPU
		{04D6F10F-40AF-4FC2-A2D2-B717330FEF5F}.Release|Any CPU.Build.0 = Release|Any CPU
		{30FEA43B-1555-429E-88B4-8A02D3307F00}.Debug|Any CPU.ActiveCfg = Debug|Any CPU
		{30FEA43B-1555-429E-88B4-8A02D3307F00}.Debug|Any CPU.Build.0 = Debug|Any CPU
		{30FEA43B-1555-429E-88B4-8A02D3307F00}.Release|Any CPU.ActiveCfg = Release|Any CPU
		{30FEA43B-1555-429E-88B4-8A02D3307F00}.Release|Any CPU.Build.0 = Release|Any CPU
		{1324B376-A8F1-4E31-BC03-2303444F8009}.Debug|Any CPU.ActiveCfg = Debug|Any CPU
		{1324B376-A8F1-4E31-BC03-2303444F8009}.Debug|Any CPU.Build.0 = Debug|Any CPU
		{1324B376-A8F1-4E31-BC03-2303444F8009}.Release|Any CPU.ActiveCfg = Release|Any CPU
		{1324B376-A8F1-4E31-BC03-2303444F8009}.Release|Any CPU.Build.0 = Release|Any CPU
		{94DCC0B1-DD66-47DF-A0FA-D241557275EC}.Debug|Any CPU.ActiveCfg = Debug|Any CPU
		{94DCC0B1-DD66-47DF-A0FA-D241557275EC}.Debug|Any CPU.Build.0 = Debug|Any CPU
		{94DCC0B1-DD66-47DF-A0FA-D241557275EC}.Release|Any CPU.ActiveCfg = Release|Any CPU
		{94DCC0B1-DD66-47DF-A0FA-D241557275EC}.Release|Any CPU.Build.0 = Release|Any CPU
		{4A88392E-B912-421A-A104-4B4A58FF8CBB}.Debug|Any CPU.ActiveCfg = Debug|Any CPU
		{4A88392E-B912-421A-A104-4B4A58FF8CBB}.Debug|Any CPU.Build.0 = Debug|Any CPU
		{4A88392E-B912-421A-A104-4B4A58FF8CBB}.Release|Any CPU.ActiveCfg = Release|Any CPU
		{4A88392E-B912-421A-A104-4B4A58FF8CBB}.Release|Any CPU.Build.0 = Release|Any CPU
		{28AE7C1B-9371-42AB-8009-D11B1C8E403B}.Debug|Any CPU.ActiveCfg = Debug|Any CPU
		{28AE7C1B-9371-42AB-8009-D11B1C8E403B}.Debug|Any CPU.Build.0 = Debug|Any CPU
		{28AE7C1B-9371-42AB-8009-D11B1C8E403B}.Release|Any CPU.ActiveCfg = Release|Any CPU
		{28AE7C1B-9371-42AB-8009-D11B1C8E403B}.Release|Any CPU.Build.0 = Release|Any CPU
		{D3DCF2A2-7A58-4B35-8A67-471BA0A8E2C7}.Debug|Any CPU.ActiveCfg = Debug|Any CPU
		{D3DCF2A2-7A58-4B35-8A67-471BA0A8E2C7}.Debug|Any CPU.Build.0 = Debug|Any CPU
		{D3DCF2A2-7A58-4B35-8A67-471BA0A8E2C7}.Release|Any CPU.ActiveCfg = Release|Any CPU
		{D3DCF2A2-7A58-4B35-8A67-471BA0A8E2C7}.Release|Any CPU.Build.0 = Release|Any CPU
		{FF716EEC-8DC3-4F5C-BF8B-1ECC593A2ECE}.Debug|Any CPU.ActiveCfg = Debug|Any CPU
		{FF716EEC-8DC3-4F5C-BF8B-1ECC593A2ECE}.Debug|Any CPU.Build.0 = Debug|Any CPU
		{FF716EEC-8DC3-4F5C-BF8B-1ECC593A2ECE}.Release|Any CPU.ActiveCfg = Release|Any CPU
		{FF716EEC-8DC3-4F5C-BF8B-1ECC593A2ECE}.Release|Any CPU.Build.0 = Release|Any CPU
	EndGlobalSection
	GlobalSection(SolutionProperties) = preSolution
		HideSolutionNode = FALSE
	EndGlobalSection
	GlobalSection(NestedProjects) = preSolution
		{56D82C7B-9949-423D-8638-DDC70647C303} = {B3886E01-40BA-4E6E-80E9-FF6CE1AEC476}
		{A82004C4-D61E-4681-BAC6-5FC094DB05BA} = {B3886E01-40BA-4E6E-80E9-FF6CE1AEC476}
		{F1E9A66B-655E-4991-AFB6-E594C8727EA8} = {B53CFBEA-20F1-418F-8063-0CDA884C04DF}
		{E4F879EF-5D3A-4626-BFC6-2AD70254039D} = {B53CFBEA-20F1-418F-8063-0CDA884C04DF}
		{55895C17-CD28-4E73-94B7-68FD434A46A3} = {40D4285A-1CB0-445F-8E4E-FF2D504E332C}
		{590D5E25-1A09-45EB-8AC4-5A187EF36D67} = {35A87F4C-7A84-44F4-818C-31B9894AE037}
		{83654103-DCC3-4FA7-8F4E-787A3FB8A520} = {35A87F4C-7A84-44F4-818C-31B9894AE037}
		{8BBD64F2-C112-430E-B131-8A885F4B8C3C} = {886792BD-8555-4BC1-AF2F-CC4F8BF2C958}
		{5E8BAC93-D470-4FDA-887D-8388FE38C8E9} = {886792BD-8555-4BC1-AF2F-CC4F8BF2C958}
		{95DC86A1-4287-41CC-9969-C350430256CA} = {0B4C4CB9-C599-4DBB-8AB2-15FA8C3351EE}
		{E13827D7-C58B-4AE2-9201-DA3BE721946B} = {0B4C4CB9-C599-4DBB-8AB2-15FA8C3351EE}
		{D7ACA76F-3596-4C4A-9D52-884C1AECF684} = {692F1FF0-55BF-4D5B-97E3-2C3268F408C7}
		{9F01BA8D-AFD2-45DB-B4C3-C94008B9319C} = {11E01F5B-20FE-49EA-A263-2C66E592DB6F}
		{492DDE1E-54EB-449D-A5AD-F4E660689F72} = {11E01F5B-20FE-49EA-A263-2C66E592DB6F}
		{206E8CAD-F322-410E-888C-8EE82FF3EA12} = {E319DEFF-3F84-4143-9558-5E077FEC01E9}
		{3A0A7276-4F75-4C9C-BBD8-7D050F19C9C8} = {39EB7437-2C07-4A23-9F1D-33B62B373AFD}
		{3931EAD9-9E16-46B0-8FAB-1F18367CBB94} = {39EB7437-2C07-4A23-9F1D-33B62B373AFD}
		{D9F7CF6A-FEC9-405D-A9F1-354E7828B66A} = {D052BBB2-E9E0-4389-A798-57694BD6660E}
		{D26B3F6B-7DD2-4F5C-B11F-94BFF3A4F5E8} = {D052BBB2-E9E0-4389-A798-57694BD6660E}
		{04D6F10F-40AF-4FC2-A2D2-B717330FEF5F} = {4FF5E824-AFE7-475F-9BB9-7A2953C4D51C}
		{30FEA43B-1555-429E-88B4-8A02D3307F00} = {4FF5E824-AFE7-475F-9BB9-7A2953C4D51C}
		{1324B376-A8F1-4E31-BC03-2303444F8009} = {6041212B-283E-4A71-B7F8-D199281CC6B4}
		{94DCC0B1-DD66-47DF-A0FA-D241557275EC} = {1D3433F0-6A13-41E6-AEDF-160E3FDA0FDB}
		{4A88392E-B912-421A-A104-4B4A58FF8CBB} = {BE1F9340-027D-42D9-90D7-0328AD1C8C9B}
		{28AE7C1B-9371-42AB-8009-D11B1C8E403B} = {BE1F9340-027D-42D9-90D7-0328AD1C8C9B}
		{D3DCF2A2-7A58-4B35-8A67-471BA0A8E2C7} = {4B99EE02-D0C3-49C0-986C-11E00CE9E1F6}
		{FF716EEC-8DC3-4F5C-BF8B-1ECC593A2ECE} = {4B99EE02-D0C3-49C0-986C-11E00CE9E1F6}
	EndGlobalSection
	GlobalSection(ExtensibilityGlobals) = postSolution
		SolutionGuid = {3306E2D4-4163-479E-8361-25EBA46EFC3B}
	EndGlobalSection
EndGlobal
